// !$*UTF8*$!
{
	archiveVersion = 1;
	classes = {
	};
	objectVersion = 50;
	objects = {

/* Begin PBXBuildFile section */
		FFE9DEFB263FE65B0044E05E /* AppDelegate.swift in Sources */ = {isa = PBXBuildFile; fileRef = FFE9DEFA263FE65B0044E05E /* AppDelegate.swift */; };
		FFE9DEFD263FE65B0044E05E /* SceneDelegate.swift in Sources */ = {isa = PBXBuildFile; fileRef = FFE9DEFC263FE65B0044E05E /* SceneDelegate.swift */; };
		FFE9DF02263FE65B0044E05E /* Main.storyboard in Resources */ = {isa = PBXBuildFile; fileRef = FFE9DF00263FE65B0044E05E /* Main.storyboard */; };
		FFE9DF04263FE6610044E05E /* Assets.xcassets in Resources */ = {isa = PBXBuildFile; fileRef = FFE9DF03263FE6610044E05E /* Assets.xcassets */; };
		FFE9DF07263FE6610044E05E /* LaunchScreen.storyboard in Resources */ = {isa = PBXBuildFile; fileRef = FFE9DF05263FE6610044E05E /* LaunchScreen.storyboard */; };
		FFE9DF11263FE7260044E05E /* FirstViewController.swift in Sources */ = {isa = PBXBuildFile; fileRef = FFE9DF10263FE7260044E05E /* FirstViewController.swift */; };
		FFE9DF14263FE74A0044E05E /* SecondTableViewController.swift in Sources */ = {isa = PBXBuildFile; fileRef = FFE9DF13263FE74A0044E05E /* SecondTableViewController.swift */; };
/* End PBXBuildFile section */

/* Begin PBXFileReference section */
		FFE9DEF7263FE65B0044E05E /* P0901.app */ = {isa = PBXFileReference; explicitFileType = wrapper.application; includeInIndex = 0; path = P0901.app; sourceTree = BUILT_PRODUCTS_DIR; };
		FFE9DEFA263FE65B0044E05E /* AppDelegate.swift */ = {isa = PBXFileReference; lastKnownFileType = sourcecode.swift; path = AppDelegate.swift; sourceTree = "<group>"; };
		FFE9DEFC263FE65B0044E05E /* SceneDelegate.swift */ = {isa = PBXFileReference; lastKnownFileType = sourcecode.swift; path = SceneDelegate.swift; sourceTree = "<group>"; };
		FFE9DF01263FE65B0044E05E /* Base */ = {isa = PBXFileReference; lastKnownFileType = file.storyboard; name = Base; path = Base.lproj/Main.storyboard; sourceTree = "<group>"; };
		FFE9DF03263FE6610044E05E /* Assets.xcassets */ = {isa = PBXFileReference; lastKnownFileType = folder.assetcatalog; path = Assets.xcassets; sourceTree = "<group>"; };
		FFE9DF06263FE6610044E05E /* Base */ = {isa = PBXFileReference; lastKnownFileType = file.storyboard; name = Base; path = Base.lproj/LaunchScreen.storyboard; sourceTree = "<group>"; };
		FFE9DF08263FE6610044E05E /* Info.plist */ = {isa = PBXFileReference; lastKnownFileType = text.plist.xml; path = Info.plist; sourceTree = "<group>"; };
		FFE9DF10263FE7260044E05E /* FirstViewController.swift */ = {isa = PBXFileReference; lastKnownFileType = sourcecode.swift; path = FirstViewController.swift; sourceTree = "<group>"; };
		FFE9DF13263FE74A0044E05E /* SecondTableViewController.swift */ = {isa = PBXFileReference; lastKnownFileType = sourcecode.swift; path = SecondTableViewController.swift; sourceTree = "<group>"; };
/* End PBXFileReference section */

/* Begin PBXFrameworksBuildPhase section */
		FFE9DEF4263FE65B0044E05E /* Frameworks */ = {
			isa = PBXFrameworksBuildPhase;
			buildActionMask = 2147483647;
			files = (
			);
			runOnlyForDeploymentPostprocessing = 0;
		};
/* End PBXFrameworksBuildPhase section */

/* Begin PBXGroup section */
		FFE9DEEE263FE65B0044E05E = {
			isa = PBXGroup;
			children = (
				FFE9DEF9263FE65B0044E05E /* P0901 */,
				FFE9DEF8263FE65B0044E05E /* Products */,
			);
			sourceTree = "<group>";
		};
		FFE9DEF8263FE65B0044E05E /* Products */ = {
			isa = PBXGroup;
			children = (
				FFE9DEF7263FE65B0044E05E /* P0901.app */,
			);
			name = Products;
			sourceTree = "<group>";
		};
		FFE9DEF9263FE65B0044E05E /* P0901 */ = {
			isa = PBXGroup;
			children = (
				FFE9DEFA263FE65B0044E05E /* AppDelegate.swift */,
				FFE9DEFC263FE65B0044E05E /* SceneDelegate.swift */,
				FFE9DF00263FE65B0044E05E /* Main.storyboard */,
				FFE9DF10263FE7260044E05E /* FirstViewController.swift */,
				FFE9DF13263FE74A0044E05E /* SecondTableViewController.swift */,
				FFE9DF03263FE6610044E05E /* Assets.xcassets */,
				FFE9DF05263FE6610044E05E /* LaunchScreen.storyboard */,
				FFE9DF08263FE6610044E05E /* Info.plist */,
			);
			path = P0901;
			sourceTree = "<group>";
		};
/* End PBXGroup section */

/* Begin PBXNativeTarget section */
		FFE9DEF6263FE65B0044E05E /* P0901 */ = {
			isa = PBXNativeTarget;
			buildConfigurationList = FFE9DF0B263FE6610044E05E /* Build configuration list for PBXNativeTarget "P0901" */;
			buildPhases = (
				FFE9DEF3263FE65B0044E05E /* Sources */,
				FFE9DEF4263FE65B0044E05E /* Frameworks */,
				FFE9DEF5263FE65B0044E05E /* Resources */,
			);
			buildRules = (
			);
			dependencies = (
			);
			name = P0901;
			productName = P0901;
			productReference = FFE9DEF7263FE65B0044E05E /* P0901.app */;
			productType = "com.apple.product-type.application";
		};
/* End PBXNativeTarget section */

/* Begin PBXProject section */
		FFE9DEEF263FE65B0044E05E /* Project object */ = {
			isa = PBXProject;
			attributes = {
				LastSwiftUpdateCheck = 1240;
				LastUpgradeCheck = 1240;
				TargetAttributes = {
					FFE9DEF6263FE65B0044E05E = {
						CreatedOnToolsVersion = 12.4;
					};
				};
			};
			buildConfigurationList = FFE9DEF2263FE65B0044E05E /* Build configuration list for PBXProject "P0901" */;
			compatibilityVersion = "Xcode 9.3";
			developmentRegion = en;
			hasScannedForEncodings = 0;
			knownRegions = (
				en,
				Base,
			);
			mainGroup = FFE9DEEE263FE65B0044E05E;
			productRefGroup = FFE9DEF8263FE65B0044E05E /* Products */;
			projectDirPath = "";
			projectRoot = "";
			targets = (
				FFE9DEF6263FE65B0044E05E /* P0901 */,
			);
		};
/* End PBXProject section */

/* Begin PBXResourcesBuildPhase section */
		FFE9DEF5263FE65B0044E05E /* Resources */ = {
			isa = PBXResourcesBuildPhase;
			buildActionMask = 2147483647;
			files = (
				FFE9DF07263FE6610044E05E /* LaunchScreen.storyboard in Resources */,
				FFE9DF04263FE6610044E05E /* Assets.xcassets in Resources */,
				FFE9DF02263FE65B0044E05E /* Main.storyboard in Resources */,
			);
			runOnlyForDeploymentPostprocessing = 0;
		};
/* End PBXResourcesBuildPhase section */

/* Begin PBXSourcesBuildPhase section */
		FFE9DEF3263FE65B0044E05E /* Sources */ = {
			isa = PBXSourcesBuildPhase;
			buildActionMask = 2147483647;
			files = (
				FFE9DF11263FE7260044E05E /* FirstViewController.swift in Sources */,
				FFE9DF14263FE74A0044E05E /* SecondTableViewController.swift in Sources */,
				FFE9DEFB263FE65B0044E05E /* AppDelegate.swift in Sources */,
				FFE9DEFD263FE65B0044E05E /* SceneDelegate.swift in Sources */,
			);
			runOnlyForDeploymentPostprocessing = 0;
		};
/* End PBXSourcesBuildPhase section */

/* Begin PBXVariantGroup section */
		FFE9DF00263FE65B0044E05E /* Main.storyboard */ = {
			isa = PBXVariantGroup;
			children = (
				FFE9DF01263FE65B0044E05E /* Base */,
			);
			name = Main.storyboard;
			sourceTree = "<group>";
		};
		FFE9DF05263FE6610044E05E /* LaunchScreen.storyboard */ = {
			isa = PBXVariantGroup;
			children = (
				FFE9DF06263FE6610044E05E /* Base */,
			);
			name = LaunchScreen.storyboard;
			sourceTree = "<group>";
		};
/* End PBXVariantGroup section */

/* Begin XCBuildConfiguration section */
		FFE9DF09263FE6610044E05E /* Debug */ = {
			isa = XCBuildConfiguration;
			buildSettings = {
				ALWAYS_SEARCH_USER_PATHS = NO;
				CLANG_ANALYZER_NONNULL = YES;
				CLANG_ANALYZER_NUMBER_OBJECT_CONVERSION = YES_AGGRESSIVE;
				CLANG_CXX_LANGUAGE_STANDARD = "gnu++14";
				CLANG_CXX_LIBRARY = "libc++";
				CLANG_ENABLE_MODULES = YES;
				CLANG_ENABLE_OBJC_ARC = YES;
				CLANG_ENABLE_OBJC_WEAK = YES;
				CLANG_WARN_BLOCK_CAPTURE_AUTORELEASING = YES;
				CLANG_WARN_BOOL_CONVERSION = YES;
				CLANG_WARN_COMMA = YES;
				CLANG_WARN_CONSTANT_CONVERSION = YES;
				CLANG_WARN_DEPRECATED_OBJC_IMPLEMENTATIONS = YES;
				CLANG_WARN_DIRECT_OBJC_ISA_USAGE = YES_ERROR;
				CLANG_WARN_DOCUMENTATION_COMMENTS = YES;
				CLANG_WARN_EMPTY_BODY = YES;
				CLANG_WARN_ENUM_CONVERSION = YES;
				CLANG_WARN_INFINITE_RECURSION = YES;
				CLANG_WARN_INT_CONVERSION = YES;
				CLANG_WARN_NON_LITERAL_NULL_CONVERSION = YES;
				CLANG_WARN_OBJC_IMPLICIT_RETAIN_SELF = YES;
				CLANG_WARN_OBJC_LITERAL_CONVERSION = YES;
				CLANG_WARN_OBJC_ROOT_CLASS = YES_ERROR;
				CLANG_WARN_QUOTED_INCLUDE_IN_FRAMEWORK_HEADER = YES;
				CLANG_WARN_RANGE_LOOP_ANALYSIS = YES;
				CLANG_WARN_STRICT_PROTOTYPES = YES;
				CLANG_WARN_SUSPICIOUS_MOVE = YES;
				CLANG_WARN_UNGUARDED_AVAILABILITY = YES_AGGRESSIVE;
				CLANG_WARN_UNREACHABLE_CODE = YES;
				CLANG_WARN__DUPLICATE_METHOD_MATCH = YES;
				COPY_PHASE_STRIP = NO;
				DEBUG_INFORMATION_FORMAT = dwarf;
				ENABLE_STRICT_OBJC_MSGSEND = YES;
				ENABLE_TESTABILITY = YES;
				GCC_C_LANGUAGE_STANDARD = gnu11;
				GCC_DYNAMIC_NO_PIC = NO;
				GCC_NO_COMMON_BLOCKS = YES;
				GCC_OPTIMIZATION_LEVEL = 0;
				GCC_PREPROCESSOR_DEFINITIONS = (
					"DEBUG=1",
					"$(inherited)",
				);
				GCC_WARN_64_TO_32_BIT_CONVERSION = YES;
				GCC_WARN_ABOUT_RETURN_TYPE = YES_ERROR;
				GCC_WARN_UNDECLARED_SELECTOR = YES;
				GCC_WARN_UNINITIALIZED_AUTOS = YES_AGGRESSIVE;
				GCC_WARN_UNUSED_FUNCTION = YES;
				GCC_WARN_UNUSED_VARIABLE = YES;
				IPHONEOS_DEPLOYMENT_TARGET = 14.4;
				MTL_ENABLE_DEBUG_INFO = INCLUDE_SOURCE;
				MTL_FAST_MATH = YES;
				ONLY_ACTIVE_ARCH = YES;
				SDKROOT = iphoneos;
				SWIFT_ACTIVE_COMPILATION_CONDITIONS = DEBUG;
				SWIFT_OPTIMIZATION_LEVEL = "-Onone";
			};
			name = Debug;
		};
		FFE9DF0A263FE6610044E05E /* Release */ = {
			isa = XCBuildConfiguration;
			buildSettings = {
				ALWAYS_SEARCH_USER_PATHS = NO;
				CLANG_ANALYZER_NONNULL = YES;
				CLANG_ANALYZER_NUMBER_OBJECT_CONVERSION = YES_AGGRESSIVE;
				CLANG_CXX_LANGUAGE_STANDARD = "gnu++14";
				CLANG_CXX_LIBRARY = "libc++";
				CLANG_ENABLE_MODULES = YES;
				CLANG_ENABLE_OBJC_ARC = YES;
				CLANG_ENABLE_OBJC_WEAK = YES;
				CLANG_WARN_BLOCK_CAPTURE_AUTORELEASING = YES;
				CLANG_WARN_BOOL_CONVERSION = YES;
				CLANG_WARN_COMMA = YES;
				CLANG_WARN_CONSTANT_CONVERSION = YES;
				CLANG_WARN_DEPRECATED_OBJC_IMPLEMENTATIONS = YES;
				CLANG_WARN_DIRECT_OBJC_ISA_USAGE = YES_ERROR;
				CLANG_WARN_DOCUMENTATION_COMMENTS = YES;
				CLANG_WARN_EMPTY_BODY = YES;
				CLANG_WARN_ENUM_CONVERSION = YES;
				CLANG_WARN_INFINITE_RECURSION = YES;
				CLANG_WARN_INT_CONVERSION = YES;
				CLANG_WARN_NON_LITERAL_NULL_CONVERSION = YES;
				CLANG_WARN_OBJC_IMPLICIT_RETAIN_SELF = YES;
				CLANG_WARN_OBJC_LITERAL_CONVERSION = YES;
				CLANG_WARN_OBJC_ROOT_CLASS = YES_ERROR;
				CLANG_WARN_QUOTED_INCLUDE_IN_FRAMEWORK_HEADER = YES;
				CLANG_WARN_RANGE_LOOP_ANALYSIS = YES;
				CLANG_WARN_STRICT_PROTOTYPES = YES;
				CLANG_WARN_SUSPICIOUS_MOVE = YES;
				CLANG_WARN_UNGUARDED_AVAILABILITY = YES_AGGRESSIVE;
				CLANG_WARN_UNREACHABLE_CODE = YES;
				CLANG_WARN__DUPLICATE_METHOD_MATCH = YES;
				COPY_PHASE_STRIP = NO;
				DEBUG_INFORMATION_FORMAT = "dwarf-with-dsym";
				ENABLE_NS_ASSERTIONS = NO;
				ENABLE_STRICT_OBJC_MSGSEND = YES;
				GCC_C_LANGUAGE_STANDARD = gnu11;
				GCC_NO_COMMON_BLOCKS = YES;
				GCC_WARN_64_TO_32_BIT_CONVERSION = YES;
				GCC_WARN_ABOUT_RETURN_TYPE = YES_ERROR;
				GCC_WARN_UNDECLARED_SELECTOR = YES;
				GCC_WARN_UNINITIALIZED_AUTOS = YES_AGGRESSIVE;
				GCC_WARN_UNUSED_FUNCTION = YES;
				GCC_WARN_UNUSED_VARIABLE = YES;
				IPHONEOS_DEPLOYMENT_TARGET = 14.4;
				MTL_ENABLE_DEBUG_INFO = NO;
				MTL_FAST_MATH = YES;
				SDKROOT = iphoneos;
				SWIFT_COMPILATION_MODE = wholemodule;
				SWIFT_OPTIMIZATION_LEVEL = "-O";
				VALIDATE_PRODUCT = YES;
			};
			name = Release;
		};
		FFE9DF0C263FE6610044E05E /* Debug */ = {
			isa = XCBuildConfiguration;
			buildSettings = {
				ASSETCATALOG_COMPILER_APPICON_NAME = AppIcon;
				ASSETCATALOG_COMPILER_GLOBAL_ACCENT_COLOR_NAME = AccentColor;
				CODE_SIGN_STYLE = Automatic;
				INFOPLIST_FILE = P0901/Info.plist;
				LD_RUNPATH_SEARCH_PATHS = (
					"$(inherited)",
					"@executable_path/Frameworks",
				);
				PRODUCT_BUNDLE_IDENTIFIER = com.test.P0901;
				PRODUCT_NAME = "$(TARGET_NAME)";
				SWIFT_VERSION = 5.0;
				TARGETED_DEVICE_FAMILY = "1,2";
			};
			name = Debug;
		};
		FFE9DF0D263FE6610044E05E /* Release */ = {
			isa = XCBuildConfiguration;
			buildSettings = {
				ASSETCATALOG_COMPILER_APPICON_NAME = AppIcon;
				ASSETCATALOG_COMPILER_GLOBAL_ACCENT_COLOR_NAME = AccentColor;
				CODE_SIGN_STYLE = Automatic;
				INFOPLIST_FILE = P0901/Info.plist;
				LD_RUNPATH_SEARCH_PATHS = (
					"$(inherited)",
					"@executable_path/Frameworks",
				);
				PRODUCT_BUNDLE_IDENTIFIER = com.test.P0901;
				PRODUCT_NAME = "$(TARGET_NAME)";
				SWIFT_VERSION = 5.0;
				TARGETED_DEVICE_FAMILY = "1,2";
			};
			name = Release;
		};
/* End XCBuildConfiguration section */

/* Begin XCConfigurationList section */
		FFE9DEF2263FE65B0044E05E /* Build configuration list for PBXProject "P0901" */ = {
			isa = XCConfigurationList;
			buildConfigurations = (
				FFE9DF09263FE6610044E05E /* Debug */,
				FFE9DF0A263FE6610044E05E /* Release */,
			);
			defaultConfigurationIsVisible = 0;
			defaultConfigurationName = Release;
		};
		FFE9DF0B263FE6610044E05E /* Build configuration list for PBXNativeTarget "P0901" */ = {
			isa = XCConfigurationList;
			buildConfigurations = (
				FFE9DF0C263FE6610044E05E /* Debug */,
				FFE9DF0D263FE6610044E05E /* Release */,
			);
			defaultConfigurationIsVisible = 0;
			defaultConfigurationName = Release;
		};
/* End XCConfigurationList section */
	};
	rootObject = FFE9DEEF263FE65B0044E05E /* Project object */;
}
