// !$*UTF8*$!
{
	archiveVersion = 1;
	classes = {
	};
	objectVersion = 50;
	objects = {

/* Begin PBXBuildFile section */
		FF31899D2619563000E24037 /* AppDelegate.swift in Sources */ = {isa = PBXBuildFile; fileRef = FF31899C2619563000E24037 /* AppDelegate.swift */; };
		FF31899F2619563000E24037 /* SceneDelegate.swift in Sources */ = {isa = PBXBuildFile; fileRef = FF31899E2619563000E24037 /* SceneDelegate.swift */; };
		FF3189A42619563000E24037 /* Main.storyboard in Resources */ = {isa = PBXBuildFile; fileRef = FF3189A22619563000E24037 /* Main.storyboard */; };
		FF3189A62619563200E24037 /* Assets.xcassets in Resources */ = {isa = PBXBuildFile; fileRef = FF3189A52619563200E24037 /* Assets.xcassets */; };
		FF3189A92619563200E24037 /* LaunchScreen.storyboard in Resources */ = {isa = PBXBuildFile; fileRef = FF3189A72619563200E24037 /* LaunchScreen.storyboard */; };
		FF3189B3261962EE00E24037 /* ToolBarPageViewController.swift in Sources */ = {isa = PBXBuildFile; fileRef = FF3189B2261962EE00E24037 /* ToolBarPageViewController.swift */; };
		FF3189B62619691C00E24037 /* PresentPageViewController.swift in Sources */ = {isa = PBXBuildFile; fileRef = FF3189B52619691C00E24037 /* PresentPageViewController.swift */; };
		FF3189B92619695900E24037 /* PViewController.swift in Sources */ = {isa = PBXBuildFile; fileRef = FF3189B82619695900E24037 /* PViewController.swift */; };
/* End PBXBuildFile section */

/* Begin PBXFileReference section */
		FF3189992619563000E24037 /* S0601.app */ = {isa = PBXFileReference; explicitFileType = wrapper.application; includeInIndex = 0; path = S0601.app; sourceTree = BUILT_PRODUCTS_DIR; };
		FF31899C2619563000E24037 /* AppDelegate.swift */ = {isa = PBXFileReference; lastKnownFileType = sourcecode.swift; path = AppDelegate.swift; sourceTree = "<group>"; };
		FF31899E2619563000E24037 /* SceneDelegate.swift */ = {isa = PBXFileReference; lastKnownFileType = sourcecode.swift; path = SceneDelegate.swift; sourceTree = "<group>"; };
		FF3189A32619563000E24037 /* Base */ = {isa = PBXFileReference; lastKnownFileType = file.storyboard; name = Base; path = Base.lproj/Main.storyboard; sourceTree = "<group>"; };
		FF3189A52619563200E24037 /* Assets.xcassets */ = {isa = PBXFileReference; lastKnownFileType = folder.assetcatalog; path = Assets.xcassets; sourceTree = "<group>"; };
		FF3189A82619563200E24037 /* Base */ = {isa = PBXFileReference; lastKnownFileType = file.storyboard; name = Base; path = Base.lproj/LaunchScreen.storyboard; sourceTree = "<group>"; };
		FF3189AA2619563200E24037 /* Info.plist */ = {isa = PBXFileReference; lastKnownFileType = text.plist.xml; path = Info.plist; sourceTree = "<group>"; };
		FF3189B2261962EE00E24037 /* ToolBarPageViewController.swift */ = {isa = PBXFileReference; lastKnownFileType = sourcecode.swift; path = ToolBarPageViewController.swift; sourceTree = "<group>"; };
		FF3189B52619691C00E24037 /* PresentPageViewController.swift */ = {isa = PBXFileReference; lastKnownFileType = sourcecode.swift; path = PresentPageViewController.swift; sourceTree = "<group>"; };
		FF3189B82619695900E24037 /* PViewController.swift */ = {isa = PBXFileReference; lastKnownFileType = sourcecode.swift; path = PViewController.swift; sourceTree = "<group>"; };
/* End PBXFileReference section */

/* Begin PBXFrameworksBuildPhase section */
		FF3189962619563000E24037 /* Frameworks */ = {
			isa = PBXFrameworksBuildPhase;
			buildActionMask = 2147483647;
			files = (
			);
			runOnlyForDeploymentPostprocessing = 0;
		};
/* End PBXFrameworksBuildPhase section */

/* Begin PBXGroup section */
		FF3189902619563000E24037 = {
			isa = PBXGroup;
			children = (
				FF31899B2619563000E24037 /* S0601 */,
				FF31899A2619563000E24037 /* Products */,
			);
			sourceTree = "<group>";
		};
		FF31899A2619563000E24037 /* Products */ = {
			isa = PBXGroup;
			children = (
				FF3189992619563000E24037 /* S0601.app */,
			);
			name = Products;
			sourceTree = "<group>";
		};
		FF31899B2619563000E24037 /* S0601 */ = {
			isa = PBXGroup;
			children = (
				FF31899C2619563000E24037 /* AppDelegate.swift */,
				FF31899E2619563000E24037 /* SceneDelegate.swift */,
				FF3189A22619563000E24037 /* Main.storyboard */,
				FF3189B82619695900E24037 /* PViewController.swift */,
				FF3189B52619691C00E24037 /* PresentPageViewController.swift */,
				FF3189B2261962EE00E24037 /* ToolBarPageViewController.swift */,
				FF3189A52619563200E24037 /* Assets.xcassets */,
				FF3189A72619563200E24037 /* LaunchScreen.storyboard */,
				FF3189AA2619563200E24037 /* Info.plist */,
			);
			path = S0601;
			sourceTree = "<group>";
		};
/* End PBXGroup section */

/* Begin PBXNativeTarget section */
		FF3189982619563000E24037 /* S0601 */ = {
			isa = PBXNativeTarget;
			buildConfigurationList = FF3189AD2619563200E24037 /* Build configuration list for PBXNativeTarget "S0601" */;
			buildPhases = (
				FF3189952619563000E24037 /* Sources */,
				FF3189962619563000E24037 /* Frameworks */,
				FF3189972619563000E24037 /* Resources */,
			);
			buildRules = (
			);
			dependencies = (
			);
			name = S0601;
			productName = S0601;
			productReference = FF3189992619563000E24037 /* S0601.app */;
			productType = "com.apple.product-type.application";
		};
/* End PBXNativeTarget section */

/* Begin PBXProject section */
		FF3189912619563000E24037 /* Project object */ = {
			isa = PBXProject;
			attributes = {
				LastSwiftUpdateCheck = 1240;
				LastUpgradeCheck = 1240;
				TargetAttributes = {
					FF3189982619563000E24037 = {
						CreatedOnToolsVersion = 12.4;
					};
				};
			};
			buildConfigurationList = FF3189942619563000E24037 /* Build configuration list for PBXProject "S0601" */;
			compatibilityVersion = "Xcode 9.3";
			developmentRegion = en;
			hasScannedForEncodings = 0;
			knownRegions = (
				en,
				Base,
			);
			mainGroup = FF3189902619563000E24037;
			productRefGroup = FF31899A2619563000E24037 /* Products */;
			projectDirPath = "";
			projectRoot = "";
			targets = (
				FF3189982619563000E24037 /* S0601 */,
			);
		};
/* End PBXProject section */

/* Begin PBXResourcesBuildPhase section */
		FF3189972619563000E24037 /* Resources */ = {
			isa = PBXResourcesBuildPhase;
			buildActionMask = 2147483647;
			files = (
				FF3189A92619563200E24037 /* LaunchScreen.storyboard in Resources */,
				FF3189A62619563200E24037 /* Assets.xcassets in Resources */,
				FF3189A42619563000E24037 /* Main.storyboard in Resources */,
			);
			runOnlyForDeploymentPostprocessing = 0;
		};
/* End PBXResourcesBuildPhase section */

/* Begin PBXSourcesBuildPhase section */
		FF3189952619563000E24037 /* Sources */ = {
			isa = PBXSourcesBuildPhase;
			buildActionMask = 2147483647;
			files = (
				FF3189B3261962EE00E24037 /* ToolBarPageViewController.swift in Sources */,
				FF31899D2619563000E24037 /* AppDelegate.swift in Sources */,
				FF31899F2619563000E24037 /* SceneDelegate.swift in Sources */,
				FF3189B62619691C00E24037 /* PresentPageViewController.swift in Sources */,
				FF3189B92619695900E24037 /* PViewController.swift in Sources */,
			);
			runOnlyForDeploymentPostprocessing = 0;
		};
/* End PBXSourcesBuildPhase section */

/* Begin PBXVariantGroup section */
		FF3189A22619563000E24037 /* Main.storyboard */ = {
			isa = PBXVariantGroup;
			children = (
				FF3189A32619563000E24037 /* Base */,
			);
			name = Main.storyboard;
			sourceTree = "<group>";
		};
		FF3189A72619563200E24037 /* LaunchScreen.storyboard */ = {
			isa = PBXVariantGroup;
			children = (
				FF3189A82619563200E24037 /* Base */,
			);
			name = LaunchScreen.storyboard;
			sourceTree = "<group>";
		};
/* End PBXVariantGroup section */

/* Begin XCBuildConfiguration section */
		FF3189AB2619563200E24037 /* Debug */ = {
			isa = XCBuildConfiguration;
			buildSettings = {
				ALWAYS_SEARCH_USER_PATHS = NO;
				CLANG_ANALYZER_NONNULL = YES;
				CLANG_ANALYZER_NUMBER_OBJECT_CONVERSION = YES_AGGRESSIVE;
				CLANG_CXX_LANGUAGE_STANDARD = "gnu++14";
				CLANG_CXX_LIBRARY = "libc++";
				CLANG_ENABLE_MODULES = YES;
				CLANG_ENABLE_OBJC_ARC = YES;
				CLANG_ENABLE_OBJC_WEAK = YES;
				CLANG_WARN_BLOCK_CAPTURE_AUTORELEASING = YES;
				CLANG_WARN_BOOL_CONVERSION = YES;
				CLANG_WARN_COMMA = YES;
				CLANG_WARN_CONSTANT_CONVERSION = YES;
				CLANG_WARN_DEPRECATED_OBJC_IMPLEMENTATIONS = YES;
				CLANG_WARN_DIRECT_OBJC_ISA_USAGE = YES_ERROR;
				CLANG_WARN_DOCUMENTATION_COMMENTS = YES;
				CLANG_WARN_EMPTY_BODY = YES;
				CLANG_WARN_ENUM_CONVERSION = YES;
				CLANG_WARN_INFINITE_RECURSION = YES;
				CLANG_WARN_INT_CONVERSION = YES;
				CLANG_WARN_NON_LITERAL_NULL_CONVERSION = YES;
				CLANG_WARN_OBJC_IMPLICIT_RETAIN_SELF = YES;
				CLANG_WARN_OBJC_LITERAL_CONVERSION = YES;
				CLANG_WARN_OBJC_ROOT_CLASS = YES_ERROR;
				CLANG_WARN_QUOTED_INCLUDE_IN_FRAMEWORK_HEADER = YES;
				CLANG_WARN_RANGE_LOOP_ANALYSIS = YES;
				CLANG_WARN_STRICT_PROTOTYPES = YES;
				CLANG_WARN_SUSPICIOUS_MOVE = YES;
				CLANG_WARN_UNGUARDED_AVAILABILITY = YES_AGGRESSIVE;
				CLANG_WARN_UNREACHABLE_CODE = YES;
				CLANG_WARN__DUPLICATE_METHOD_MATCH = YES;
				COPY_PHASE_STRIP = NO;
				DEBUG_INFORMATION_FORMAT = dwarf;
				ENABLE_STRICT_OBJC_MSGSEND = YES;
				ENABLE_TESTABILITY = YES;
				GCC_C_LANGUAGE_STANDARD = gnu11;
				GCC_DYNAMIC_NO_PIC = NO;
				GCC_NO_COMMON_BLOCKS = YES;
				GCC_OPTIMIZATION_LEVEL = 0;
				GCC_PREPROCESSOR_DEFINITIONS = (
					"DEBUG=1",
					"$(inherited)",
				);
				GCC_WARN_64_TO_32_BIT_CONVERSION = YES;
				GCC_WARN_ABOUT_RETURN_TYPE = YES_ERROR;
				GCC_WARN_UNDECLARED_SELECTOR = YES;
				GCC_WARN_UNINITIALIZED_AUTOS = YES_AGGRESSIVE;
				GCC_WARN_UNUSED_FUNCTION = YES;
				GCC_WARN_UNUSED_VARIABLE = YES;
				IPHONEOS_DEPLOYMENT_TARGET = 14.4;
				MTL_ENABLE_DEBUG_INFO = INCLUDE_SOURCE;
				MTL_FAST_MATH = YES;
				ONLY_ACTIVE_ARCH = YES;
				SDKROOT = iphoneos;
				SWIFT_ACTIVE_COMPILATION_CONDITIONS = DEBUG;
				SWIFT_OPTIMIZATION_LEVEL = "-Onone";
			};
			name = Debug;
		};
		FF3189AC2619563200E24037 /* Release */ = {
			isa = XCBuildConfiguration;
			buildSettings = {
				ALWAYS_SEARCH_USER_PATHS = NO;
				CLANG_ANALYZER_NONNULL = YES;
				CLANG_ANALYZER_NUMBER_OBJECT_CONVERSION = YES_AGGRESSIVE;
				CLANG_CXX_LANGUAGE_STANDARD = "gnu++14";
				CLANG_CXX_LIBRARY = "libc++";
				CLANG_ENABLE_MODULES = YES;
				CLANG_ENABLE_OBJC_ARC = YES;
				CLANG_ENABLE_OBJC_WEAK = YES;
				CLANG_WARN_BLOCK_CAPTURE_AUTORELEASING = YES;
				CLANG_WARN_BOOL_CONVERSION = YES;
				CLANG_WARN_COMMA = YES;
				CLANG_WARN_CONSTANT_CONVERSION = YES;
				CLANG_WARN_DEPRECATED_OBJC_IMPLEMENTATIONS = YES;
				CLANG_WARN_DIRECT_OBJC_ISA_USAGE = YES_ERROR;
				CLANG_WARN_DOCUMENTATION_COMMENTS = YES;
				CLANG_WARN_EMPTY_BODY = YES;
				CLANG_WARN_ENUM_CONVERSION = YES;
				CLANG_WARN_INFINITE_RECURSION = YES;
				CLANG_WARN_INT_CONVERSION = YES;
				CLANG_WARN_NON_LITERAL_NULL_CONVERSION = YES;
				CLANG_WARN_OBJC_IMPLICIT_RETAIN_SELF = YES;
				CLANG_WARN_OBJC_LITERAL_CONVERSION = YES;
				CLANG_WARN_OBJC_ROOT_CLASS = YES_ERROR;
				CLANG_WARN_QUOTED_INCLUDE_IN_FRAMEWORK_HEADER = YES;
				CLANG_WARN_RANGE_LOOP_ANALYSIS = YES;
				CLANG_WARN_STRICT_PROTOTYPES = YES;
				CLANG_WARN_SUSPICIOUS_MOVE = YES;
				CLANG_WARN_UNGUARDED_AVAILABILITY = YES_AGGRESSIVE;
				CLANG_WARN_UNREACHABLE_CODE = YES;
				CLANG_WARN__DUPLICATE_METHOD_MATCH = YES;
				COPY_PHASE_STRIP = NO;
				DEBUG_INFORMATION_FORMAT = "dwarf-with-dsym";
				ENABLE_NS_ASSERTIONS = NO;
				ENABLE_STRICT_OBJC_MSGSEND = YES;
				GCC_C_LANGUAGE_STANDARD = gnu11;
				GCC_NO_COMMON_BLOCKS = YES;
				GCC_WARN_64_TO_32_BIT_CONVERSION = YES;
				GCC_WARN_ABOUT_RETURN_TYPE = YES_ERROR;
				GCC_WARN_UNDECLARED_SELECTOR = YES;
				GCC_WARN_UNINITIALIZED_AUTOS = YES_AGGRESSIVE;
				GCC_WARN_UNUSED_FUNCTION = YES;
				GCC_WARN_UNUSED_VARIABLE = YES;
				IPHONEOS_DEPLOYMENT_TARGET = 14.4;
				MTL_ENABLE_DEBUG_INFO = NO;
				MTL_FAST_MATH = YES;
				SDKROOT = iphoneos;
				SWIFT_COMPILATION_MODE = wholemodule;
				SWIFT_OPTIMIZATION_LEVEL = "-O";
				VALIDATE_PRODUCT = YES;
			};
			name = Release;
		};
		FF3189AE2619563200E24037 /* Debug */ = {
			isa = XCBuildConfiguration;
			buildSettings = {
				ASSETCATALOG_COMPILER_APPICON_NAME = AppIcon;
				ASSETCATALOG_COMPILER_GLOBAL_ACCENT_COLOR_NAME = AccentColor;
				CODE_SIGN_STYLE = Automatic;
				INFOPLIST_FILE = S0601/Info.plist;
				LD_RUNPATH_SEARCH_PATHS = (
					"$(inherited)",
					"@executable_path/Frameworks",
				);
				PRODUCT_BUNDLE_IDENTIFIER = com.test.S0601;
				PRODUCT_NAME = "$(TARGET_NAME)";
				SWIFT_VERSION = 5.0;
				TARGETED_DEVICE_FAMILY = "1,2";
			};
			name = Debug;
		};
		FF3189AF2619563200E24037 /* Release */ = {
			isa = XCBuildConfiguration;
			buildSettings = {
				ASSETCATALOG_COMPILER_APPICON_NAME = AppIcon;
				ASSETCATALOG_COMPILER_GLOBAL_ACCENT_COLOR_NAME = AccentColor;
				CODE_SIGN_STYLE = Automatic;
				INFOPLIST_FILE = S0601/Info.plist;
				LD_RUNPATH_SEARCH_PATHS = (
					"$(inherited)",
					"@executable_path/Frameworks",
				);
				PRODUCT_BUNDLE_IDENTIFIER = com.test.S0601;
				PRODUCT_NAME = "$(TARGET_NAME)";
				SWIFT_VERSION = 5.0;
				TARGETED_DEVICE_FAMILY = "1,2";
			};
			name = Release;
		};
/* End XCBuildConfiguration section */

/* Begin XCConfigurationList section */
		FF3189942619563000E24037 /* Build configuration list for PBXProject "S0601" */ = {
			isa = XCConfigurationList;
			buildConfigurations = (
				FF3189AB2619563200E24037 /* Debug */,
				FF3189AC2619563200E24037 /* Release */,
			);
			defaultConfigurationIsVisible = 0;
			defaultConfigurationName = Release;
		};
		FF3189AD2619563200E24037 /* Build configuration list for PBXNativeTarget "S0601" */ = {
			isa = XCConfigurationList;
			buildConfigurations = (
				FF3189AE2619563200E24037 /* Debug */,
				FF3189AF2619563200E24037 /* Release */,
			);
			defaultConfigurationIsVisible = 0;
			defaultConfigurationName = Release;
		};
/* End XCConfigurationList section */
	};
	rootObject = FF3189912619563000E24037 /* Project object */;
}
